// !$*UTF8*$!
{
	archiveVersion = 1;
	classes = {
	};
	objectVersion = 77;
	objects = {

/* Begin PBXBuildFile section */
		B9D0EA613025017A00E5464D /* EasyStreamCore in Frameworks */ = {isa = PBXBuildFile; productRef = ESPKG001 /* EasyStreamCore */; };
		B9D0EA623025017A00E5464D /* EasyStreamDiscovery in Frameworks */ = {isa = PBXBuildFile; productRef = ESPKG002 /* EasyStreamDiscovery */; };
		B9D0EA633025017A00E5464D /* EasyStreamUIComponents in Frameworks */ = {isa = PBXBuildFile; productRef = ESPKG003 /* EasyStreamUIComponents */; };
		B9D0EA643025017A00E5464D /* EasyStreamTransport in Frameworks */ = {isa = PBXBuildFile; productRef = ESPKG004 /* EasyStreamTransport */; };
		B9D0EA653025017A00E5464D /* EasyStreamCameraCapture in Frameworks */ = {isa = PBXBuildFile; productRef = ESPKG005 /* EasyStreamCameraCapture */; };
		B9D0EA663025017A00E5464D /* EasyStreamSwitcher in Frameworks */ = {isa = PBXBuildFile; productRef = ESPKG006 /* EasyStreamSwitcher */; };
		B9D0EA673025017A00E5464D /* EasyStreamVideoPipeline in Frameworks */ = {isa = PBXBuildFile; productRef = ESPKG007 /* EasyStreamVideoPipeline */; };
		B9D0EA683025017A00E5464D /* EasyStreamAudioPipeline in Frameworks */ = {isa = PBXBuildFile; productRef = ESPKG008 /* EasyStreamAudioPipeline */; };
		B9D0EA693025017A00E5464D /* EasyStreamStreaming in Frameworks */ = {isa = PBXBuildFile; productRef = ESPKG009 /* EasyStreamStreaming */; };
		B9D0EA6A3025017A00E5464D /* EasyStreamFacebook in Frameworks */ = {isa = PBXBuildFile; productRef = ESPKG010 /* EasyStreamFacebook */; };
		B9D0EA6B3025017A00E5464D /* EasyStreamFacebookLogin in Frameworks */ = {isa = PBXBuildFile; platformFilter = ios; productRef = ESPKG011 /* EasyStreamFacebookLogin */; };
		B9D547CB3045EC440068C138 /* LyrioraStreamIcon.icon in Resources */ = {isa = PBXBuildFile; fileRef = B9D547CA3045EC440068C138 /* LyrioraStreamIcon.icon */; };
/* End PBXBuildFile section */

/* Begin PBXContainerItemProxy section */
		B9D0EA123024FDF100E5464D /* PBXContainerItemProxy */ = {
			isa = PBXContainerItemProxy;
			containerPortal = B9D0E9FA3024FDEF00E5464D /* Project object */;
			proxyType = 1;
			remoteGlobalIDString = B9D0EA013024FDEF00E5464D;
			remoteInfo = EasyStream;
		};
		B9D0EA1C3024FDF100E5464D /* PBXContainerItemProxy */ = {
			isa = PBXContainerItemProxy;
			containerPortal = B9D0E9FA3024FDEF00E5464D /* Project object */;
			proxyType = 1;
			remoteGlobalIDString = B9D0EA013024FDEF00E5464D;
			remoteInfo = EasyStream;
		};
/* End PBXContainerItemProxy section */

/* Begin PBXFileReference section */
		B9D0EA023024FDEF00E5464D /* EasyStream.app */ = {isa = PBXFileReference; explicitFileType = wrapper.application; includeInIndex = 0; path = EasyStream.app; sourceTree = BUILT_PRODUCTS_DIR; };
		B9D0EA113024FDF100E5464D /* EasyStreamTests.xctest */ = {isa = PBXFileReference; explicitFileType = wrapper.cfbundle; includeInIndex = 0; path = EasyStreamTests.xctest; sourceTree = BUILT_PRODUCTS_DIR; };
		B9D0EA1B3024FDF100E5464D /* EasyStreamUITests.xctest */ = {isa = PBXFileReference; explicitFileType = wrapper.cfbundle; includeInIndex = 0; path = EasyStreamUITests.xctest; sourceTree = BUILT_PRODUCTS_DIR; };
		B9D547CA3045EC440068C138 /* LyrioraStreamIcon.icon */ = {isa = PBXFileReference; lastKnownFileType = folder.iconcomposer.icon; path = LyrioraStreamIcon.icon; sourceTree = "<group>"; };
/* End PBXFileReference section */

/* Begin PBXFileSystemSynchronizedRootGroup section */
		B9D0EA043024FDEF00E5464D /* EasyStream */ = {
			isa = PBXFileSystemSynchronizedRootGroup;
			path = EasyStream;
			sourceTree = "<group>";
		};
		B9D0EA143024FDF100E5464D /* EasyStreamTests */ = {
			isa = PBXFileSystemSynchronizedRootGroup;
			path = EasyStreamTests;
			sourceTree = "<group>";
		};
		B9D0EA1E3024FDF100E5464D /* EasyStreamUITests */ = {
			isa = PBXFileSystemSynchronizedRootGroup;
			path = EasyStreamUITests;
			sourceTree = "<group>";
		};
/* End PBXFileSystemSynchronizedRootGroup section */

/* Begin PBXFrameworksBuildPhase section */
		B9D0E9FF3024FDEF00E5464D /* Frameworks */ = {
			isa = PBXFrameworksBuildPhase;
			buildActionMask = 2147483647;
			files = (
				B9D0EA633025017A00E5464D /* EasyStreamUIComponents in Frameworks */,
				B9D0EA623025017A00E5464D /* EasyStreamDiscovery in Frameworks */,
				B9D0EA613025017A00E5464D /* EasyStreamCore in Frameworks */,
				B9D0EA643025017A00E5464D /* EasyStreamTransport in Frameworks */,
				B9D0EA653025017A00E5464D /* EasyStreamCameraCapture in Frameworks */,
				B9D0EA663025017A00E5464D /* EasyStreamSwitcher in Frameworks */,
				B9D0EA673025017A00E5464D /* EasyStreamVideoPipeline in Frameworks */,
				B9D0EA683025017A00E5464D /* EasyStreamAudioPipeline in Frameworks */,
				B9D0EA693025017A00E5464D /* EasyStreamStreaming in Frameworks */,
				B9D0EA6A3025017A00E5464D /* EasyStreamFacebook in Frameworks */,
				B9D0EA6B3025017A00E5464D /* EasyStreamFacebookLogin in Frameworks */,
			);
			runOnlyForDeploymentPostprocessing = 0;
		};
		B9D0EA0E3024FDF100E5464D /* Frameworks */ = {
			isa = PBXFrameworksBuildPhase;
			buildActionMask = 2147483647;
			files = (
			);
			runOnlyForDeploymentPostprocessing = 0;
		};
		B9D0EA183024FDF100E5464D /* Frameworks */ = {
			isa = PBXFrameworksBuildPhase;
			buildActionMask = 2147483647;
			files = (
			);
			runOnlyForDeploymentPostprocessing = 0;
		};
/* End PBXFrameworksBuildPhase section */

/* Begin PBXGroup section */
		B9D0E9F93024FDEF00E5464D = {
			isa = PBXGroup;
			children = (
				B9D0EA043024FDEF00E5464D /* EasyStream */,
				B9D0EA143024FDF100E5464D /* EasyStreamTests */,
				B9D0EA1E3024FDF100E5464D /* EasyStreamUITests */,
				B9D0EA033024FDEF00E5464D /* Products */,
				B9D547CA3045EC440068C138 /* LyrioraStreamIcon.icon */,
			);
			sourceTree = "<group>";
		};
		B9D0EA033024FDEF00E5464D /* Products */ = {
			isa = PBXGroup;
			children = (
				B9D0EA023024FDEF00E5464D /* EasyStream.app */,
				B9D0EA113024FDF100E5464D /* EasyStreamTests.xctest */,
				B9D0EA1B3024FDF100E5464D /* EasyStreamUITests.xctest */,
			);
			name = Products;
			sourceTree = "<group>";
		};
/* End PBXGroup section */

/* Begin PBXNativeTarget section */
		B9D0EA013024FDEF00E5464D /* EasyStream */ = {
			isa = PBXNativeTarget;
			buildConfigurationList = B9D0EA253024FDF100E5464D /* Build configuration list for PBXNativeTarget "EasyStream" */;
			buildPhases = (
				B9D0E9FE3024FDEF00E5464D /* Sources */,
				B9D0E9FF3024FDEF00E5464D /* Frameworks */,
				B9D0EA003024FDEF00E5464D /* Resources */,
			);
			buildRules = (
			);
			dependencies = (
			);
			fileSystemSynchronizedGroups = (
				B9D0EA043024FDEF00E5464D /* EasyStream */,
			);
			name = EasyStream;
			packageProductDependencies = (
				ESPKG001 /* EasyStreamCore */,
				ESPKG002 /* EasyStreamDiscovery */,
				ESPKG003 /* EasyStreamUIComponents */,
				ESPKG004 /* EasyStreamTransport */,
				ESPKG005 /* EasyStreamCameraCapture */,
				ESPKG006 /* EasyStreamSwitcher */,
				ESPKG007 /* EasyStreamVideoPipeline */,
				ESPKG008 /* EasyStreamAudioPipeline */,
				ESPKG009 /* EasyStreamStreaming */,
				ESPKG010 /* EasyStreamFacebook */,
				ESPKG011 /* EasyStreamFacebookLogin */,
			);
			productName = EasyStream;
			productReference = B9D0EA023024FDEF00E5464D /* EasyStream.app */;
			productType = "com.apple.product-type.application";
		};
		B9D0EA103024FDF100E5464D /* EasyStreamTests */ = {
			isa = PBXNativeTarget;
			buildConfigurationList = B9D0EA283024FDF100E5464D /* Build configuration list for PBXNativeTarget "EasyStreamTests" */;
			buildPhases = (
				B9D0EA0D3024FDF100E5464D /* Sources */,
				B9D0EA0E3024FDF100E5464D /* Frameworks */,
				B9D0EA0F3024FDF100E5464D /* Resources */,
			);
			buildRules = (
			);
			dependencies = (
				B9D0EA133024FDF100E5464D /* PBXTargetDependency */,
			);
			fileSystemSynchronizedGroups = (
				B9D0EA143024FDF100E5464D /* EasyStreamTests */,
			);
			name = EasyStreamTests;
			packageProductDependencies = (
			);
			productName = EasyStreamTests;
			productReference = B9D0EA113024FDF100E5464D /* EasyStreamTests.xctest */;
			productType = "com.apple.product-type.bundle.unit-test";
		};
		B9D0EA1A3024FDF100E5464D /* EasyStreamUITests */ = {
			isa = PBXNativeTarget;
			buildConfigurationList = B9D0EA2B3024FDF100E5464D /* Build configuration list for PBXNativeTarget "EasyStreamUITests" */;
			buildPhases = (
				B9D0EA173024FDF100E5464D /* Sources */,
				B9D0EA183024FDF100E5464D /* Frameworks */,
				B9D0EA193024FDF100E5464D /* Resources */,
			);
			buildRules = (
			);
			dependencies = (
				B9D0EA1D3024FDF100E5464D /* PBXTargetDependency */,
			);
			fileSystemSynchronizedGroups = (
				B9D0EA1E3024FDF100E5464D /* EasyStreamUITests */,
			);
			name = EasyStreamUITests;
			packageProductDependencies = (
			);
			productName = EasyStreamUITests;
			productReference = B9D0EA1B3024FDF100E5464D /* EasyStreamUITests.xctest */;
			productType = "com.apple.product-type.bundle.ui-testing";
		};
/* End PBXNativeTarget section */

/* Begin PBXProject section */
		B9D0E9FA3024FDEF00E5464D /* Project object */ = {
			isa = PBXProject;
			attributes = {
				BuildIndependentTargetsInParallel = 1;
				LastSwiftUpdateCheck = 2660;
				LastUpgradeCheck = 2660;
				TargetAttributes = {
					B9D0EA013024FDEF00E5464D = {
						CreatedOnToolsVersion = 26.6;
					};
					B9D0EA103024FDF100E5464D = {
						CreatedOnToolsVersion = 26.6;
						TestTargetID = B9D0EA013024FDEF00E5464D;
					};
					B9D0EA1A3024FDF100E5464D = {
						CreatedOnToolsVersion = 26.6;
						TestTargetID = B9D0EA013024FDEF00E5464D;
					};
				};
			};
			buildConfigurationList = B9D0E9FD3024FDEF00E5464D /* Build configuration list for PBXProject "EasyStream" */;
			developmentRegion = en;
			hasScannedForEncodings = 0;
			knownRegions = (
				en,
				Base,
			);
			mainGroup = B9D0E9F93024FDEF00E5464D;
			minimizedProjectReferenceProxies = 1;
			packageReferences = (
				ESPKGREF001 /* XCLocalSwiftPackageReference "Packages/EasyStreamCore" */,
				ESPKGREF002 /* XCLocalSwiftPackageReference "Packages/EasyStreamDiscovery" */,
				ESPKGREF003 /* XCLocalSwiftPackageReference "Packages/EasyStreamUIComponents" */,
				ESPKGREF004 /* XCLocalSwiftPackageReference "Packages/EasyStreamTransport" */,
				ESPKGREF005 /* XCLocalSwiftPackageReference "Packages/EasyStreamCameraCapture" */,
				ESPKGREF006 /* XCLocalSwiftPackageReference "Packages/EasyStreamSwitcher" */,
				ESPKGREF007 /* XCLocalSwiftPackageReference "Packages/EasyStreamVideoPipeline" */,
				ESPKGREF008 /* XCLocalSwiftPackageReference "Packages/EasyStreamAudioPipeline" */,
				ESPKGREF009 /* XCLocalSwiftPackageReference "Packages/EasyStreamStreaming" */,
				ESPKGREF010 /* XCLocalSwiftPackageReference "Packages/EasyStreamFacebook" */,
				ESPKGREF011 /* XCLocalSwiftPackageReference "Packages/EasyStreamFacebookLogin" */,
			);
			preferredProjectObjectVersion = 77;
			productRefGroup = B9D0EA033024FDEF00E5464D /* Products */;
			projectDirPath = "";
			projectRoot = "";
			targets = (
				B9D0EA013024FDEF00E5464D /* EasyStream */,
				B9D0EA103024FDF100E5464D /* EasyStreamTests */,
				B9D0EA1A3024FDF100E5464D /* EasyStreamUITests */,
			);
		};
/* End PBXProject section */

/* Begin PBXResourcesBuildPhase section */
		B9D0EA003024FDEF00E5464D /* Resources */ = {
			isa = PBXResourcesBuildPhase;
			buildActionMask = 2147483647;
			files = (
				B9D547CB3045EC440068C138 /* LyrioraStreamIcon.icon in Resources */,
			);
			runOnlyForDeploymentPostprocessing = 0;
		};
		B9D0EA0F3024FDF100E5464D /* Resources */ = {
			isa = PBXResourcesBuildPhase;
			buildActionMask = 2147483647;
			files = (
			);
			runOnlyForDeploymentPostprocessing = 0;
		};
		B9D0EA193024FDF100E5464D /* Resources */ = {
			isa = PBXResourcesBuildPhase;
			buildActionMask = 2147483647;
			files = (
			);
			runOnlyForDeploymentPostprocessing = 0;
		};
/* End PBXResourcesBuildPhase section */

/* Begin PBXSourcesBuildPhase section */
		B9D0E9FE3024FDEF00E5464D /* Sources */ = {
			isa = PBXSourcesBuildPhase;
			buildActionMask = 2147483647;
			files = (
			);
			runOnlyForDeploymentPostprocessing = 0;
		};
		B9D0EA0D3024FDF100E5464D /* Sources */ = {
			isa = PBXSourcesBuildPhase;
			buildActionMask = 2147483647;
			files = (
			);
			runOnlyForDeploymentPostprocessing = 0;
		};
		B9D0EA173024FDF100E5464D /* Sources */ = {
			isa = PBXSourcesBuildPhase;
			buildActionMask = 2147483647;
			files = (
			);
			runOnlyForDeploymentPostprocessing = 0;
		};
/* End PBXSourcesBuildPhase section */

/* Begin PBXTargetDependency section */
		B9D0EA133024FDF100E5464D /* PBXTargetDependency */ = {
			isa = PBXTargetDependency;
			target = B9D0EA013024FDEF00E5464D /* EasyStream */;
			targetProxy = B9D0EA123024FDF100E5464D /* PBXContainerItemProxy */;
		};
		B9D0EA1D3024FDF100E5464D /* PBXTargetDependency */ = {
			isa = PBXTargetDependency;
			target = B9D0EA013024FDEF00E5464D /* EasyStream */;
			targetProxy = B9D0EA1C3024FDF100E5464D /* PBXContainerItemProxy */;
		};
/* End PBXTargetDependency section */

/* Begin XCBuildConfiguration section */
		B9D0EA233024FDF100E5464D /* Debug */ = {
			isa = XCBuildConfiguration;
			buildSettings = {
				ALWAYS_SEARCH_USER_PATHS = NO;
				ASSETCATALOG_COMPILER_GENERATE_SWIFT_ASSET_SYMBOL_EXTENSIONS = YES;
				CLANG_ANALYZER_NONNULL = YES;
				CLANG_ANALYZER_NUMBER_OBJECT_CONVERSION = YES_AGGRESSIVE;
				CLANG_CXX_LANGUAGE_STANDARD = "gnu++20";
				CLANG_ENABLE_MODULES = YES;
				CLANG_ENABLE_OBJC_ARC = YES;
				CLANG_ENABLE_OBJC_WEAK = YES;
				CLANG_WARN_BLOCK_CAPTURE_AUTORELEASING = YES;
				CLANG_WARN_BOOL_CONVERSION = YES;
				CLANG_WARN_COMMA = YES;
				CLANG_WARN_CONSTANT_CONVERSION = YES;
				CLANG_WARN_DEPRECATED_OBJC_IMPLEMENTATIONS = YES;
				CLANG_WARN_DIRECT_OBJC_ISA_USAGE = YES_ERROR;
				CLANG_WARN_DOCUMENTATION_COMMENTS = YES;
				CLANG_WARN_EMPTY_BODY = YES;
				CLANG_WARN_ENUM_CONVERSION = YES;
				CLANG_WARN_INFINITE_RECURSION = YES;
				CLANG_WARN_INT_CONVERSION = YES;
				CLANG_WARN_NON_LITERAL_NULL_CONVERSION = YES;
				CLANG_WARN_OBJC_IMPLICIT_RETAIN_SELF = YES;
				CLANG_WARN_OBJC_LITERAL_CONVERSION = YES;
				CLANG_WARN_OBJC_ROOT_CLASS = YES_ERROR;
				CLANG_WARN_QUOTED_INCLUDE_IN_FRAMEWORK_HEADER = YES;
				CLANG_WARN_RANGE_LOOP_ANALYSIS = YES;
				CLANG_WARN_STRICT_PROTOTYPES = YES;
				CLANG_WARN_SUSPICIOUS_MOVE = YES;
				CLANG_WARN_UNGUARDED_AVAILABILITY = YES_AGGRESSIVE;
				CLANG_WARN_UNREACHABLE_CODE = YES;
				CLANG_WARN__DUPLICATE_METHOD_MATCH = YES;
				COPY_PHASE_STRIP = NO;
				DEBUG_INFORMATION_FORMAT = dwarf;
				DEVELOPMENT_TEAM = T2XTLTVNH4;
				ENABLE_STRICT_OBJC_MSGSEND = YES;
				ENABLE_TESTABILITY = YES;
				ENABLE_USER_SCRIPT_SANDBOXING = YES;
				GCC_C_LANGUAGE_STANDARD = gnu17;
				GCC_DYNAMIC_NO_PIC = NO;
				GCC_NO_COMMON_BLOCKS = YES;
				GCC_OPTIMIZATION_LEVEL = 0;
				GCC_PREPROCESSOR_DEFINITIONS = (
					"DEBUG=1",
					"$(inherited)",
				);
				GCC_WARN_64_TO_32_BIT_CONVERSION = YES;
				GCC_WARN_ABOUT_RETURN_TYPE = YES_ERROR;
				GCC_WARN_UNDECLARED_SELECTOR = YES;
				GCC_WARN_UNINITIALIZED_AUTOS = YES_AGGRESSIVE;
				GCC_WARN_UNUSED_FUNCTION = YES;
				GCC_WARN_UNUSED_VARIABLE = YES;
				LOCALIZATION_PREFERS_STRING_CATALOGS = YES;
				MTL_ENABLE_DEBUG_INFO = INCLUDE_SOURCE;
				MTL_FAST_MATH = YES;
				ONLY_ACTIVE_ARCH = YES;
				SWIFT_ACTIVE_COMPILATION_CONDITIONS = "DEBUG $(inherited)";
				SWIFT_OPTIMIZATION_LEVEL = "-Onone";
			};
			name = Debug;
		};
		B9D0EA243024FDF100E5464D /* Release */ = {
			isa = XCBuildConfiguration;
			buildSettings = {
				ALWAYS_SEARCH_USER_PATHS = NO;
				ASSETCATALOG_COMPILER_GENERATE_SWIFT_ASSET_SYMBOL_EXTENSIONS = YES;
				CLANG_ANALYZER_NONNULL = YES;
				CLANG_ANALYZER_NUMBER_OBJECT_CONVERSION = YES_AGGRESSIVE;
				CLANG_CXX_LANGUAGE_STANDARD = "gnu++20";
				CLANG_ENABLE_MODULES = YES;
				CLANG_ENABLE_OBJC_ARC = YES;
				CLANG_ENABLE_OBJC_WEAK = YES;
				CLANG_WARN_BLOCK_CAPTURE_AUTORELEASING = YES;
				CLANG_WARN_BOOL_CONVERSION = YES;
				CLANG_WARN_COMMA = YES;
				CLANG_WARN_CONSTANT_CONVERSION = YES;
				CLANG_WARN_DEPRECATED_OBJC_IMPLEMENTATIONS = YES;
				CLANG_WARN_DIRECT_OBJC_ISA_USAGE = YES_ERROR;
				CLANG_WARN_DOCUMENTATION_COMMENTS = YES;
				CLANG_WARN_EMPTY_BODY = YES;
				CLANG_WARN_ENUM_CONVERSION = YES;
				CLANG_WARN_INFINITE_RECURSION = YES;
				CLANG_WARN_INT_CONVERSION = YES;
				CLANG_WARN_NON_LITERAL_NULL_CONVERSION = YES;
				CLANG_WARN_OBJC_IMPLICIT_RETAIN_SELF = YES;
				CLANG_WARN_OBJC_LITERAL_CONVERSION = YES;
				CLANG_WARN_OBJC_ROOT_CLASS = YES_ERROR;
				CLANG_WARN_QUOTED_INCLUDE_IN_FRAMEWORK_HEADER = YES;
				CLANG_WARN_RANGE_LOOP_ANALYSIS = YES;
				CLANG_WARN_STRICT_PROTOTYPES = YES;
				CLANG_WARN_SUSPICIOUS_MOVE = YES;
				CLANG_WARN_UNGUARDED_AVAILABILITY = YES_AGGRESSIVE;
				CLANG_WARN_UNREACHABLE_CODE = YES;
				CLANG_WARN__DUPLICATE_METHOD_MATCH = YES;
				COPY_PHASE_STRIP = NO;
				DEBUG_INFORMATION_FORMAT = "dwarf-with-dsym";
				DEVELOPMENT_TEAM = T2XTLTVNH4;
				ENABLE_NS_ASSERTIONS = NO;
				ENABLE_STRICT_OBJC_MSGSEND = YES;
				ENABLE_USER_SCRIPT_SANDBOXING = YES;
				GCC_C_LANGUAGE_STANDARD = gnu17;
				GCC_NO_COMMON_BLOCKS = YES;
				GCC_WARN_64_TO_32_BIT_CONVERSION = YES;
				GCC_WARN_ABOUT_RETURN_TYPE = YES_ERROR;
				GCC_WARN_UNDECLARED_SELECTOR = YES;
				GCC_WARN_UNINITIALIZED_AUTOS = YES_AGGRESSIVE;
				GCC_WARN_UNUSED_FUNCTION = YES;
				GCC_WARN_UNUSED_VARIABLE = YES;
				LOCALIZATION_PREFERS_STRING_CATALOGS = YES;
				MTL_ENABLE_DEBUG_INFO = NO;
				MTL_FAST_MATH = YES;
				SWIFT_COMPILATION_MODE = wholemodule;
			};
			name = Release;
		};
		B9D0EA263024FDF100E5464D /* Debug */ = {
			isa = XCBuildConfiguration;
			buildSettings = {
				ASSETCATALOG_COMPILER_APPICON_NAME = LyrioraStreamIcon;
				ASSETCATALOG_COMPILER_GLOBAL_ACCENT_COLOR_NAME = AccentColor;
				CODE_SIGN_ENTITLEMENTS = EasyStream/EasyStream.entitlements;
				CODE_SIGN_STYLE = Automatic;
				CURRENT_PROJECT_VERSION = 1;
				DEVELOPMENT_TEAM = KB3H8VKXAX;
				ENABLE_APP_SANDBOX = YES;
				ENABLE_HARDENED_RUNTIME = YES;
				ENABLE_PREVIEWS = YES;
				ENABLE_USER_SELECTED_FILES = readonly;
				GENERATE_INFOPLIST_FILE = YES;
				INFOPLIST_FILE = Config/Info.plist;
				INFOPLIST_KEY_NSCameraUsageDescription = "EasyStream necesita acceso a la cámara para enviar video al Director.";
				INFOPLIST_KEY_NSLocalNetworkUsageDescription = "EasyStream usa la red local para descubrir cámaras y directores en tu Wi‑Fi y transmitir video con baja latencia.";
				INFOPLIST_KEY_NSMicrophoneUsageDescription = "EasyStream necesita acceso al micrófono para enviar audio al Director.";
				INFOPLIST_KEY_NSUserTrackingUsageDescription = "EasyStream usa esto para iniciar sesión con Facebook y acceder a tus Páginas para transmitir en vivo.";
				"INFOPLIST_KEY_UIApplicationSceneManifest_Generation[sdk=iphoneos*]" = YES;
				"INFOPLIST_KEY_UIApplicationSceneManifest_Generation[sdk=iphonesimulator*]" = YES;
				"INFOPLIST_KEY_UIApplicationSupportsIndirectInputEvents[sdk=iphoneos*]" = YES;
				"INFOPLIST_KEY_UIApplicationSupportsIndirectInputEvents[sdk=iphonesimulator*]" = YES;
				"INFOPLIST_KEY_UILaunchScreen_Generation[sdk=iphoneos*]" = YES;
				"INFOPLIST_KEY_UILaunchScreen_Generation[sdk=iphonesimulator*]" = YES;
				"INFOPLIST_KEY_UIStatusBarStyle[sdk=iphoneos*]" = UIStatusBarStyleDefault;
				"INFOPLIST_KEY_UIStatusBarStyle[sdk=iphonesimulator*]" = UIStatusBarStyleDefault;
				INFOPLIST_KEY_UISupportedInterfaceOrientations = "UIInterfaceOrientationLandscapeLeft UIInterfaceOrientationLandscapeRight UIInterfaceOrientationPortrait UIInterfaceOrientationPortraitUpsideDown";
				IPHONEOS_DEPLOYMENT_TARGET = 26.0;
				LD_RUNPATH_SEARCH_PATHS = "@executable_path/Frameworks";
				"LD_RUNPATH_SEARCH_PATHS[sdk=macosx*]" = "@executable_path/../Frameworks";
				MACOSX_DEPLOYMENT_TARGET = 26.0;
				MARKETING_VERSION = 1.0;
				PRODUCT_BUNDLE_IDENTIFIER = pabel.EasyStream.app;
				PRODUCT_NAME = "$(TARGET_NAME)";
				REGISTER_APP_GROUPS = YES;
				SDKROOT = auto;
				STRING_CATALOG_GENERATE_SYMBOLS = YES;
				SUPPORTED_PLATFORMS = "iphoneos iphonesimulator macosx xros xrsimulator";
				SWIFT_APPROACHABLE_CONCURRENCY = YES;
				SWIFT_DEFAULT_ACTOR_ISOLATION = MainActor;
				SWIFT_EMIT_LOC_STRINGS = YES;
				SWIFT_UPCOMING_FEATURE_MEMBER_IMPORT_VISIBILITY = YES;
				SWIFT_VERSION = 5.0;
				TARGETED_DEVICE_FAMILY = "1,2,7";
				XROS_DEPLOYMENT_TARGET = 26.0;
			};
			name = Debug;
		};
		B9D0EA273024FDF100E5464D /* Release */ = {
			isa = XCBuildConfiguration;
			buildSettings = {
				ASSETCATALOG_COMPILER_APPICON_NAME = LyrioraStreamIcon;
				ASSETCATALOG_COMPILER_GLOBAL_ACCENT_COLOR_NAME = AccentColor;
				CODE_SIGN_ENTITLEMENTS = EasyStream/EasyStream.entitlements;
				CODE_SIGN_STYLE = Automatic;
				CURRENT_PROJECT_VERSION = 1;
				DEVELOPMENT_TEAM = KB3H8VKXAX;
				ENABLE_APP_SANDBOX = YES;
				ENABLE_HARDENED_RUNTIME = YES;
				ENABLE_PREVIEWS = YES;
				ENABLE_USER_SELECTED_FILES = readonly;
				GENERATE_INFOPLIST_FILE = YES;
				INFOPLIST_FILE = Config/Info.plist;
				INFOPLIST_KEY_NSCameraUsageDescription = "EasyStream necesita acceso a la cámara para enviar video al Director.";
				INFOPLIST_KEY_NSLocalNetworkUsageDescription = "EasyStream usa la red local para descubrir cámaras y directores en tu Wi‑Fi y transmitir video con baja latencia.";
				INFOPLIST_KEY_NSMicrophoneUsageDescription = "EasyStream necesita acceso al micrófono para enviar audio al Director.";
				INFOPLIST_KEY_NSUserTrackingUsageDescription = "EasyStream usa esto para iniciar sesión con Facebook y acceder a tus Páginas para transmitir en vivo.";
				"INFOPLIST_KEY_UIApplicationSceneManifest_Generation[sdk=iphoneos*]" = YES;
				"INFOPLIST_KEY_UIApplicationSceneManifest_Generation[sdk=iphonesimulator*]" = YES;
				"INFOPLIST_KEY_UIApplicationSupportsIndirectInputEvents[sdk=iphoneos*]" = YES;
				"INFOPLIST_KEY_UIApplicationSupportsIndirectInputEvents[sdk=iphonesimulator*]" = YES;
				"INFOPLIST_KEY_UILaunchScreen_Generation[sdk=iphoneos*]" = YES;
				"INFOPLIST_KEY_UILaunchScreen_Generation[sdk=iphonesimulator*]" = YES;
				"INFOPLIST_KEY_UIStatusBarStyle[sdk=iphoneos*]" = UIStatusBarStyleDefault;
				"INFOPLIST_KEY_UIStatusBarStyle[sdk=iphonesimulator*]" = UIStatusBarStyleDefault;
				INFOPLIST_KEY_UISupportedInterfaceOrientations = "UIInterfaceOrientationLandscapeLeft UIInterfaceOrientationLandscapeRight UIInterfaceOrientationPortrait UIInterfaceOrientationPortraitUpsideDown";
				IPHONEOS_DEPLOYMENT_TARGET = 26.0;
				LD_RUNPATH_SEARCH_PATHS = "@executable_path/Frameworks";
				"LD_RUNPATH_SEARCH_PATHS[sdk=macosx*]" = "@executable_path/../Frameworks";
				MACOSX_DEPLOYMENT_TARGET = 26.0;
				MARKETING_VERSION = 1.0;
				PRODUCT_BUNDLE_IDENTIFIER = pabel.EasyStream.app;
				PRODUCT_NAME = "$(TARGET_NAME)";
				REGISTER_APP_GROUPS = YES;
				SDKROOT = auto;
				STRING_CATALOG_GENERATE_SYMBOLS = YES;
				SUPPORTED_PLATFORMS = "iphoneos iphonesimulator macosx xros xrsimulator";
				SWIFT_APPROACHABLE_CONCURRENCY = YES;
				SWIFT_DEFAULT_ACTOR_ISOLATION = MainActor;
				SWIFT_EMIT_LOC_STRINGS = YES;
				SWIFT_UPCOMING_FEATURE_MEMBER_IMPORT_VISIBILITY = YES;
				SWIFT_VERSION = 5.0;
				TARGETED_DEVICE_FAMILY = "1,2,7";
				XROS_DEPLOYMENT_TARGET = 26.0;
			};
			name = Release;
		};
		B9D0EA293024FDF100E5464D /* Debug */ = {
			isa = XCBuildConfiguration;
			buildSettings = {
				BUNDLE_LOADER = "$(TEST_HOST)";
				CODE_SIGN_STYLE = Automatic;
				CURRENT_PROJECT_VERSION = 1;
				DEVELOPMENT_TEAM = T2XTLTVNH4;
				GENERATE_INFOPLIST_FILE = YES;
				IPHONEOS_DEPLOYMENT_TARGET = 26.5;
				MACOSX_DEPLOYMENT_TARGET = 26.5;
				MARKETING_VERSION = 1.0;
				PRODUCT_BUNDLE_IDENTIFIER = pabel.EasyStreamTests;
				PRODUCT_NAME = "$(TARGET_NAME)";
				SDKROOT = auto;
				STRING_CATALOG_GENERATE_SYMBOLS = NO;
				SUPPORTED_PLATFORMS = "iphoneos iphonesimulator macosx xros xrsimulator";
				SWIFT_APPROACHABLE_CONCURRENCY = YES;
				SWIFT_EMIT_LOC_STRINGS = NO;
				SWIFT_UPCOMING_FEATURE_MEMBER_IMPORT_VISIBILITY = YES;
				SWIFT_VERSION = 5.0;
				TARGETED_DEVICE_FAMILY = "1,2,7";
				TEST_HOST = "$(BUILT_PRODUCTS_DIR)/EasyStream.app/$(BUNDLE_EXECUTABLE_FOLDER_PATH)/EasyStream";
				XROS_DEPLOYMENT_TARGET = 26.5;
			};
			name = Debug;
		};
		B9D0EA2A3024FDF100E5464D /* Release */ = {
			isa = XCBuildConfiguration;
			buildSettings = {
				BUNDLE_LOADER = "$(TEST_HOST)";
				CODE_SIGN_STYLE = Automatic;
				CURRENT_PROJECT_VERSION = 1;
				DEVELOPMENT_TEAM = T2XTLTVNH4;
				GENERATE_INFOPLIST_FILE = YES;
				IPHONEOS_DEPLOYMENT_TARGET = 26.5;
				MACOSX_DEPLOYMENT_TARGET = 26.5;
				MARKETING_VERSION = 1.0;
				PRODUCT_BUNDLE_IDENTIFIER = pabel.EasyStreamTests;
				PRODUCT_NAME = "$(TARGET_NAME)";
				SDKROOT = auto;
				STRING_CATALOG_GENERATE_SYMBOLS = NO;
				SUPPORTED_PLATFORMS = "iphoneos iphonesimulator macosx xros xrsimulator";
				SWIFT_APPROACHABLE_CONCURRENCY = YES;
				SWIFT_EMIT_LOC_STRINGS = NO;
				SWIFT_UPCOMING_FEATURE_MEMBER_IMPORT_VISIBILITY = YES;
				SWIFT_VERSION = 5.0;
				TARGETED_DEVICE_FAMILY = "1,2,7";
				TEST_HOST = "$(BUILT_PRODUCTS_DIR)/EasyStream.app/$(BUNDLE_EXECUTABLE_FOLDER_PATH)/EasyStream";
				XROS_DEPLOYMENT_TARGET = 26.5;
			};
			name = Release;
		};
		B9D0EA2C3024FDF100E5464D /* Debug */ = {
			isa = XCBuildConfiguration;
			buildSettings = {
				CODE_SIGN_STYLE = Automatic;
				CURRENT_PROJECT_VERSION = 1;
				DEVELOPMENT_TEAM = T2XTLTVNH4;
				GENERATE_INFOPLIST_FILE = YES;
				IPHONEOS_DEPLOYMENT_TARGET = 26.5;
				MACOSX_DEPLOYMENT_TARGET = 26.5;
				MARKETING_VERSION = 1.0;
				PRODUCT_BUNDLE_IDENTIFIER = pabel.EasyStreamUITests;
				PRODUCT_NAME = "$(TARGET_NAME)";
				SDKROOT = auto;
				STRING_CATALOG_GENERATE_SYMBOLS = NO;
				SUPPORTED_PLATFORMS = "iphoneos iphonesimulator macosx xros xrsimulator";
				SWIFT_APPROACHABLE_CONCURRENCY = YES;
				SWIFT_EMIT_LOC_STRINGS = NO;
				SWIFT_UPCOMING_FEATURE_MEMBER_IMPORT_VISIBILITY = YES;
				SWIFT_VERSION = 5.0;
				TARGETED_DEVICE_FAMILY = "1,2,7";
				TEST_TARGET_NAME = EasyStream;
				XROS_DEPLOYMENT_TARGET = 26.5;
			};
			name = Debug;
		};
		B9D0EA2D3024FDF100E5464D /* Release */ = {
			isa = XCBuildConfiguration;
			buildSettings = {
				CODE_SIGN_STYLE = Automatic;
				CURRENT_PROJECT_VERSION = 1;
				DEVELOPMENT_TEAM = T2XTLTVNH4;
				GENERATE_INFOPLIST_FILE = YES;
				IPHONEOS_DEPLOYMENT_TARGET = 26.5;
				MACOSX_DEPLOYMENT_TARGET = 26.5;
				MARKETING_VERSION = 1.0;
				PRODUCT_BUNDLE_IDENTIFIER = pabel.EasyStreamUITests;
				PRODUCT_NAME = "$(TARGET_NAME)";
				SDKROOT = auto;
				STRING_CATALOG_GENERATE_SYMBOLS = NO;
				SUPPORTED_PLATFORMS = "iphoneos iphonesimulator macosx xros xrsimulator";
				SWIFT_APPROACHABLE_CONCURRENCY = YES;
				SWIFT_EMIT_LOC_STRINGS = NO;
				SWIFT_UPCOMING_FEATURE_MEMBER_IMPORT_VISIBILITY = YES;
				SWIFT_VERSION = 5.0;
				TARGETED_DEVICE_FAMILY = "1,2,7";
				TEST_TARGET_NAME = EasyStream;
				XROS_DEPLOYMENT_TARGET = 26.5;
			};
			name = Release;
		};
/* End XCBuildConfiguration section */

/* Begin XCConfigurationList section */
		B9D0E9FD3024FDEF00E5464D /* Build configuration list for PBXProject "EasyStream" */ = {
			isa = XCConfigurationList;
			buildConfigurations = (
				B9D0EA233024FDF100E5464D /* Debug */,
				B9D0EA243024FDF100E5464D /* Release */,
			);
			defaultConfigurationIsVisible = 0;
			defaultConfigurationName = Release;
		};
		B9D0EA253024FDF100E5464D /* Build configuration list for PBXNativeTarget "EasyStream" */ = {
			isa = XCConfigurationList;
			buildConfigurations = (
				B9D0EA263024FDF100E5464D /* Debug */,
				B9D0EA273024FDF100E5464D /* Release */,
			);
			defaultConfigurationIsVisible = 0;
			defaultConfigurationName = Release;
		};
		B9D0EA283024FDF100E5464D /* Build configuration list for PBXNativeTarget "EasyStreamTests" */ = {
			isa = XCConfigurationList;
			buildConfigurations = (
				B9D0EA293024FDF100E5464D /* Debug */,
				B9D0EA2A3024FDF100E5464D /* Release */,
			);
			defaultConfigurationIsVisible = 0;
			defaultConfigurationName = Release;
		};
		B9D0EA2B3024FDF100E5464D /* Build configuration list for PBXNativeTarget "EasyStreamUITests" */ = {
			isa = XCConfigurationList;
			buildConfigurations = (
				B9D0EA2C3024FDF100E5464D /* Debug */,
				B9D0EA2D3024FDF100E5464D /* Release */,
			);
			defaultConfigurationIsVisible = 0;
			defaultConfigurationName = Release;
		};
/* End XCConfigurationList section */

/* Begin XCLocalSwiftPackageReference section */
		ESPKGREF001 /* XCLocalSwiftPackageReference "Packages/EasyStreamCore" */ = {
			isa = XCLocalSwiftPackageReference;
			relativePath = Packages/EasyStreamCore;
		};
		ESPKGREF002 /* XCLocalSwiftPackageReference "Packages/EasyStreamDiscovery" */ = {
			isa = XCLocalSwiftPackageReference;
			relativePath = Packages/EasyStreamDiscovery;
		};
		ESPKGREF003 /* XCLocalSwiftPackageReference "Packages/EasyStreamUIComponents" */ = {
			isa = XCLocalSwiftPackageReference;
			relativePath = Packages/EasyStreamUIComponents;
		};
		ESPKGREF004 /* XCLocalSwiftPackageReference "Packages/EasyStreamTransport" */ = {
			isa = XCLocalSwiftPackageReference;
			relativePath = Packages/EasyStreamTransport;
		};
		ESPKGREF005 /* XCLocalSwiftPackageReference "Packages/EasyStreamCameraCapture" */ = {
			isa = XCLocalSwiftPackageReference;
			relativePath = Packages/EasyStreamCameraCapture;
		};
		ESPKGREF006 /* XCLocalSwiftPackageReference "Packages/EasyStreamSwitcher" */ = {
			isa = XCLocalSwiftPackageReference;
			relativePath = Packages/EasyStreamSwitcher;
		};
		ESPKGREF007 /* XCLocalSwiftPackageReference "Packages/EasyStreamVideoPipeline" */ = {
			isa = XCLocalSwiftPackageReference;
			relativePath = Packages/EasyStreamVideoPipeline;
		};
		ESPKGREF008 /* XCLocalSwiftPackageReference "Packages/EasyStreamAudioPipeline" */ = {
			isa = XCLocalSwiftPackageReference;
			relativePath = Packages/EasyStreamAudioPipeline;
		};
		ESPKGREF009 /* XCLocalSwiftPackageReference "Packages/EasyStreamStreaming" */ = {
			isa = XCLocalSwiftPackageReference;
			relativePath = Packages/EasyStreamStreaming;
		};
		ESPKGREF010 /* XCLocalSwiftPackageReference "Packages/EasyStreamFacebook" */ = {
			isa = XCLocalSwiftPackageReference;
			relativePath = Packages/EasyStreamFacebook;
		};
		ESPKGREF011 /* XCLocalSwiftPackageReference "Packages/EasyStreamFacebookLogin" */ = {
			isa = XCLocalSwiftPackageReference;
			relativePath = Packages/EasyStreamFacebookLogin;
		};
/* End XCLocalSwiftPackageReference section */

/* Begin XCSwiftPackageProductDependency section */
		ESPKG001 /* EasyStreamCore */ = {
			isa = XCSwiftPackageProductDependency;
			package = ESPKGREF001 /* XCLocalSwiftPackageReference "Packages/EasyStreamCore" */;
			productName = EasyStreamCore;
		};
		ESPKG002 /* EasyStreamDiscovery */ = {
			isa = XCSwiftPackageProductDependency;
			package = ESPKGREF002 /* XCLocalSwiftPackageReference "Packages/EasyStreamDiscovery" */;
			productName = EasyStreamDiscovery;
		};
		ESPKG003 /* EasyStreamUIComponents */ = {
			isa = XCSwiftPackageProductDependency;
			package = ESPKGREF003 /* XCLocalSwiftPackageReference "Packages/EasyStreamUIComponents" */;
			productName = EasyStreamUIComponents;
		};
		ESPKG004 /* EasyStreamTransport */ = {
			isa = XCSwiftPackageProductDependency;
			package = ESPKGREF004 /* XCLocalSwiftPackageReference "Packages/EasyStreamTransport" */;
			productName = EasyStreamTransport;
		};
		ESPKG005 /* EasyStreamCameraCapture */ = {
			isa = XCSwiftPackageProductDependency;
			package = ESPKGREF005 /* XCLocalSwiftPackageReference "Packages/EasyStreamCameraCapture" */;
			productName = EasyStreamCameraCapture;
		};
		ESPKG006 /* EasyStreamSwitcher */ = {
			isa = XCSwiftPackageProductDependency;
			package = ESPKGREF006 /* XCLocalSwiftPackageReference "Packages/EasyStreamSwitcher" */;
			productName = EasyStreamSwitcher;
		};
		ESPKG007 /* EasyStreamVideoPipeline */ = {
			isa = XCSwiftPackageProductDependency;
			package = ESPKGREF007 /* XCLocalSwiftPackageReference "Packages/EasyStreamVideoPipeline" */;
			productName = EasyStreamVideoPipeline;
		};
		ESPKG008 /* EasyStreamAudioPipeline */ = {
			isa = XCSwiftPackageProductDependency;
			package = ESPKGREF008 /* XCLocalSwiftPackageReference "Packages/EasyStreamAudioPipeline" */;
			productName = EasyStreamAudioPipeline;
		};
		ESPKG009 /* EasyStreamStreaming */ = {
			isa = XCSwiftPackageProductDependency;
			package = ESPKGREF009 /* XCLocalSwiftPackageReference "Packages/EasyStreamStreaming" */;
			productName = EasyStreamStreaming;
		};
		ESPKG010 /* EasyStreamFacebook */ = {
			isa = XCSwiftPackageProductDependency;
			package = ESPKGREF010 /* XCLocalSwiftPackageReference "Packages/EasyStreamFacebook" */;
			productName = EasyStreamFacebook;
		};
		ESPKG011 /* EasyStreamFacebookLogin */ = {
			isa = XCSwiftPackageProductDependency;
			package = ESPKGREF011 /* XCLocalSwiftPackageReference "Packages/EasyStreamFacebookLogin" */;
			productName = EasyStreamFacebookLogin;
		};
/* End XCSwiftPackageProductDependency section */
	};
	rootObject = B9D0E9FA3024FDEF00E5464D /* Project object */;
}
